{
  "name": "poetry-angular",
  "version": "0.1.0",
  "lockfileVersion": 1,
  "dependencies": {
    "@types/datatables.net": {
      "version": "1.10.4",
      "resolved": "https://registry.npmjs.org/@types/datatables.net/-/datatables.net-1.10.4.tgz",
      "integrity": "sha512-COe408XaUV2kMLjgTjNVVK0AIVShRpaHnaAzvcv6/YbclUmDDAFuhR5dFz0I+VCxK7rkLb8gXReRb0HzD2xlhA==",
      "dev": true
    },
    "@types/jquery": {
      "version": "3.2.5",
      "resolved": "https://registry.npmjs.org/@types/jquery/-/jquery-3.2.5.tgz",
      "integrity": "sha512-7a+LyzJltNLRdLOpWr9ThtXsZgpG9XN6u4Hqi2KZwQMW6SoYSyR/6uMrgZxJ+zfS1N48/R8XKF0HAixVVjQyaQ==",
      "dev": true
    },
    "angular-datatables": {
      "version": "0.5.7",
      "resolved": "https://registry.npmjs.org/angular-datatables/-/angular-datatables-0.5.7.tgz",
      "integrity": "sha1-NAzNxO2udnVyxiced8v+JaGBCWU=",
      "dependencies": {
        "angular": {
          "version": "1.6.5",
          "resolved": "https://registry.npmjs.org/angular/-/angular-1.6.5.tgz",
          "integrity": "sha1-N/eI7r7Fzi4/oCsXu8sqIxV2oNY="
        }
      }
    },
    "async": {
      "version": "1.5.2",
      "resolved": "https://registry.npmjs.org/async/-/async-1.5.2.tgz",
      "integrity": "sha1-7GphrlZIDAw8skHJVhjiCJL5Zyo="
    },
    "bootstrap-sass": {
      "version": "3.3.7",
      "resolved": "https://registry.npmjs.org/bootstrap-sass/-/bootstrap-sass-3.3.7.tgz",
      "integrity": "sha1-ZZbHq0D2Y3OTMjqwvIDQZPxjBJg="
    },
    "datatables.net": {
      "version": "1.10.15",
      "resolved": "https://registry.npmjs.org/datatables.net/-/datatables.net-1.10.15.tgz",
      "integrity": "sha1-x4kHe7/jhedf9aIz+l8jJRpy32g="
    },
    "datatables.net-dt": {
      "version": "1.10.15",
      "resolved": "https://registry.npmjs.org/datatables.net-dt/-/datatables.net-dt-1.10.15.tgz",
      "integrity": "sha1-zGcTbFaYiKzzRofjSgrqqZN4u8Y="
    },
    "font-awesome": {
      "version": "4.7.0",
      "resolved": "https://registry.npmjs.org/font-awesome/-/font-awesome-4.7.0.tgz",
      "integrity": "sha1-j6jPBBGhoxr9B7BtKQK7n8gVoTM="
    },
    "jquery": {
      "version": "2.2.4",
      "resolved": "https://registry.npmjs.org/jquery/-/jquery-2.2.4.tgz",
      "integrity": "sha1-LInWiJterFIqfuoywUUhVZxsvwI="
    },
    "js-cookie": {
      "version": "2.1.4",
      "resolved": "https://registry.npmjs.org/js-cookie/-/js-cookie-2.1.4.tgz",
      "integrity": "sha1-2k7FA4ZvFJ0WTPJfV57zEBUCXY0="
    },
    "ng-dialog": {
      "version": "git+https://github.com/sl0ki/ngBootstrapDialog.git#73ccb1aa549de9834766985cdfa1aaf389aba736"
    },
    "simple-line-icons": {
      "version": "2.4.1",
      "resolved": "https://registry.npmjs.org/simple-line-icons/-/simple-line-icons-2.4.1.tgz",
      "integrity": "sha1-t1vFoNh+UwkowszaVzUnS7JW8jQ="
    }
  }
}
